
Microsoft Visual Studio Solution File, Format Version 12.00
# Visual Studio 15
VisualStudioVersion = 15.0.26730.3
MinimumVisualStudioVersion = 10.0.40219.1
Project("{9A19103F-16F7-4668-BE54-9A1E7A4F7556}") = "MyAccountAPI.Consumer.Application", "Consumer\MyAccountAPI.Consumer.Application\MyAccountAPI.Consumer.Application.csproj", "{59107161-CA20-4D17-B504-A8FC9EA8A625}"
EndProject
Project("{9A19103F-16F7-4668-BE54-9A1E7A4F7556}") = "MyAccountAPI.Consumer.Infrastructure", "Consumer\MyAccountAPI.Consumer.Infrastructure\MyAccountAPI.Consumer.Infrastructure.csproj", "{3EB42916-3274-413B-A3BB-3716ACE81553}"
EndProject
Project("{9A19103F-16F7-4668-BE54-9A1E7A4F7556}") = "MyAccountAPI.Consumer.UI", "Consumer\MyAccountAPI.Consumer.UI\MyAccountAPI.Consumer.UI.csproj", "{14B1650A-0F36-4151-A563-ADD7B0AE0AEC}"
EndProject
Project("{2150E333-8FDC-42A3-9474-1A3956D46DE8}") = "Consumer", "Consumer", "{822177A7-0483-4595-BD5C-CE5DB0D300E5}"
EndProject
Project("{2150E333-8FDC-42A3-9474-1A3956D46DE8}") = "Producer", "Producer", "{DB04C951-0A20-4C2F-BED6-4F8620CAE4BA}"
EndProject
Project("{9A19103F-16F7-4668-BE54-9A1E7A4F7556}") = "MyAccountAPI.Producer.Application", "Producer\MyAccountAPI.Producer.Application\MyAccountAPI.Producer.Application.csproj", "{FB30052D-1AC0-4CB4-86B8-1615D31170BD}"
EndProject
Project("{9A19103F-16F7-4668-BE54-9A1E7A4F7556}") = "MyAccountAPI.Producer.Infrastructure", "Producer\MyAccountAPI.Producer.Infrastructure\MyAccountAPI.Producer.Infrastructure.csproj", "{62F15409-7362-4B17-896D-A6EFD3C3ECCA}"
EndProject
Project("{9A19103F-16F7-4668-BE54-9A1E7A4F7556}") = "MyAccountAPI.Producer.UI", "Producer\MyAccountAPI.Producer.UI\MyAccountAPI.Producer.UI.csproj", "{1FAB59CE-4391-4BC0-A3F5-AD1965B0FABC}"
EndProject
Project("{9A19103F-16F7-4668-BE54-9A1E7A4F7556}") = "MyAccountAPI.Domain", "Shared\MyAccountAPI.Domain\MyAccountAPI.Domain.csproj", "{8FDA7BAD-19AD-4476-B726-528A238C0406}"
EndProject
Project("{9A19103F-16F7-4668-BE54-9A1E7A4F7556}") = "MyAccountAPI.UnitTests", "Shared\MyAccountAPI.UnitTests\MyAccountAPI.UnitTests.csproj", "{D9755226-FEE8-4F2C-90AE-FB6AEDB5822E}"
EndProject
Global
	GlobalSection(SolutionConfigurationPlatforms) = preSolution
		Debug|Any CPU = Debug|Any CPU
		Release|Any CPU = Release|Any CPU
	EndGlobalSection
	GlobalSection(ProjectConfigurationPlatforms) = postSolution
		{59107161-CA20-4D17-B504-A8FC9EA8A625}.Debug|Any CPU.ActiveCfg = Debug|Any CPU
		{59107161-CA20-4D17-B504-A8FC9EA8A625}.Debug|Any CPU.Build.0 = Debug|Any CPU
		{59107161-CA20-4D17-B504-A8FC9EA8A625}.Release|Any CPU.ActiveCfg = Release|Any CPU
		{59107161-CA20-4D17-B504-A8FC9EA8A625}.Release|Any CPU.Build.0 = Release|Any CPU
		{3EB42916-3274-413B-A3BB-3716ACE81553}.Debug|Any CPU.ActiveCfg = Debug|Any CPU
		{3EB42916-3274-413B-A3BB-3716ACE81553}.Debug|Any CPU.Build.0 = Debug|Any CPU
		{3EB42916-3274-413B-A3BB-3716ACE81553}.Release|Any CPU.ActiveCfg = Release|Any CPU
		{3EB42916-3274-413B-A3BB-3716ACE81553}.Release|Any CPU.Build.0 = Release|Any CPU
		{14B1650A-0F36-4151-A563-ADD7B0AE0AEC}.Debug|Any CPU.ActiveCfg = Debug|Any CPU
		{14B1650A-0F36-4151-A563-ADD7B0AE0AEC}.Debug|Any CPU.Build.0 = Debug|Any CPU
		{14B1650A-0F36-4151-A563-ADD7B0AE0AEC}.Release|Any CPU.ActiveCfg = Release|Any CPU
		{14B1650A-0F36-4151-A563-ADD7B0AE0AEC}.Release|Any CPU.Build.0 = Release|Any CPU
		{FB30052D-1AC0-4CB4-86B8-1615D31170BD}.Debug|Any CPU.ActiveCfg = Debug|Any CPU
		{FB30052D-1AC0-4CB4-86B8-1615D31170BD}.Debug|Any CPU.Build.0 = Debug|Any CPU
		{FB30052D-1AC0-4CB4-86B8-1615D31170BD}.Release|Any CPU.ActiveCfg = Release|Any CPU
		{FB30052D-1AC0-4CB4-86B8-1615D31170BD}.Release|Any CPU.Build.0 = Release|Any CPU
		{62F15409-7362-4B17-896D-A6EFD3C3ECCA}.Debug|Any CPU.ActiveCfg = Debug|Any CPU
		{62F15409-7362-4B17-896D-A6EFD3C3ECCA}.Debug|Any CPU.Build.0 = Debug|Any CPU
		{62F15409-7362-4B17-896D-A6EFD3C3ECCA}.Release|Any CPU.ActiveCfg = Release|Any CPU
		{62F15409-7362-4B17-896D-A6EFD3C3ECCA}.Release|Any CPU.Build.0 = Release|Any CPU
		{1FAB59CE-4391-4BC0-A3F5-AD1965B0FABC}.Debug|Any CPU.ActiveCfg = Debug|Any CPU
		{1FAB59CE-4391-4BC0-A3F5-AD1965B0FABC}.Debug|Any CPU.Build.0 = Debug|Any CPU
		{1FAB59CE-4391-4BC0-A3F5-AD1965B0FABC}.Release|Any CPU.ActiveCfg = Release|Any CPU
		{1FAB59CE-4391-4BC0-A3F5-AD1965B0FABC}.Release|Any CPU.Build.0 = Release|Any CPU
		{8FDA7BAD-19AD-4476-B726-528A238C0406}.Debug|Any CPU.ActiveCfg = Debug|Any CPU
		{8FDA7BAD-19AD-4476-B726-528A238C0406}.Debug|Any CPU.Build.0 = Debug|Any CPU
		{8FDA7BAD-19AD-4476-B726-528A238C0406}.Release|Any CPU.ActiveCfg = Release|Any CPU
		{8FDA7BAD-19AD-4476-B726-528A238C0406}.Release|Any CPU.Build.0 = Release|Any CPU
		{D9755226-FEE8-4F2C-90AE-FB6AEDB5822E}.Debug|Any CPU.ActiveCfg = Debug|Any CPU
		{D9755226-FEE8-4F2C-90AE-FB6AEDB5822E}.Debug|Any CPU.Build.0 = Debug|Any CPU
		{D9755226-FEE8-4F2C-90AE-FB6AEDB5822E}.Release|Any CPU.ActiveCfg = Release|Any CPU
		{D9755226-FEE8-4F2C-90AE-FB6AEDB5822E}.Release|Any CPU.Build.0 = Release|Any CPU
	EndGlobalSection
	GlobalSection(SolutionProperties) = preSolution
		HideSolutionNode = FALSE
	EndGlobalSection
	GlobalSection(NestedProjects) = preSolution
		{59107161-CA20-4D17-B504-A8FC9EA8A625} = {822177A7-0483-4595-BD5C-CE5DB0D300E5}
		{3EB42916-3274-413B-A3BB-3716ACE81553} = {822177A7-0483-4595-BD5C-CE5DB0D300E5}
		{14B1650A-0F36-4151-A563-ADD7B0AE0AEC} = {822177A7-0483-4595-BD5C-CE5DB0D300E5}
		{FB30052D-1AC0-4CB4-86B8-1615D31170BD} = {DB04C951-0A20-4C2F-BED6-4F8620CAE4BA}
		{62F15409-7362-4B17-896D-A6EFD3C3ECCA} = {DB04C951-0A20-4C2F-BED6-4F8620CAE4BA}
		{1FAB59CE-4391-4BC0-A3F5-AD1965B0FABC} = {DB04C951-0A20-4C2F-BED6-4F8620CAE4BA}
	EndGlobalSection
	GlobalSection(ExtensibilityGlobals) = postSolution
		SolutionGuid = {3AB046A8-AA90-403A-B637-091033A2DC1E}
	EndGlobalSection
EndGlobal
